
Microsoft Visual Studio Solution File, Format Version 12.00
# Visual Studio Version 17
VisualStudioVersion = 17.11.35222.181
MinimumVisualStudioVersion = 10.0.40219.1
Project("{9A19103F-16F7-4668-BE54-9A1E7A4F7556}") = "Database", "Database\Database.csproj", "{90EEC9A9-5123-4B71-A11E-E8050BCD46CF}"
EndProject
Project("{9A19103F-16F7-4668-BE54-9A1E7A4F7556}") = "FormForLab", "FormForLab\FormForLab.csproj", "{D234C94C-AE3A-4CEA-9959-1FF21530D418}"
EndProject
Project("{9A19103F-16F7-4668-BE54-9A1E7A4F7556}") = "IModels", "IModels\IModels.csproj", "{0CD5A3BF-A625-45C7-B4B0-F24EE97DC981}"
EndProject
Project("{9A19103F-16F7-4668-BE54-9A1E7A4F7556}") = "NonVisualLaba", "NonVisualLaba\NonVisualLaba.csproj", "{8555E742-812F-4547-B528-F739881AB868}"
EndProject
Project("{9A19103F-16F7-4668-BE54-9A1E7A4F7556}") = "Laba", "Laba\Laba.csproj", "{80BD1032-6477-4AC7-9FC8-0B8D838185A5}"
EndProject
Global
	GlobalSection(SolutionConfigurationPlatforms) = preSolution
		Debug|Any CPU = Debug|Any CPU
		Release|Any CPU = Release|Any CPU
	EndGlobalSection
	GlobalSection(ProjectConfigurationPlatforms) = postSolution
		{90EEC9A9-5123-4B71-A11E-E8050BCD46CF}.Debug|Any CPU.ActiveCfg = Debug|Any CPU
		{90EEC9A9-5123-4B71-A11E-E8050BCD46CF}.Debug|Any CPU.Build.0 = Debug|Any CPU
		{90EEC9A9-5123-4B71-A11E-E8050BCD46CF}.Release|Any CPU.ActiveCfg = Release|Any CPU
		{90EEC9A9-5123-4B71-A11E-E8050BCD46CF}.Release|Any CPU.Build.0 = Release|Any CPU
		{D234C94C-AE3A-4CEA-9959-1FF21530D418}.Debug|Any CPU.ActiveCfg = Debug|Any CPU
		{D234C94C-AE3A-4CEA-9959-1FF21530D418}.Debug|Any CPU.Build.0 = Debug|Any CPU
		{D234C94C-AE3A-4CEA-9959-1FF21530D418}.Release|Any CPU.ActiveCfg = Release|Any CPU
		{D234C94C-AE3A-4CEA-9959-1FF21530D418}.Release|Any CPU.Build.0 = Release|Any CPU
		{0CD5A3BF-A625-45C7-B4B0-F24EE97DC981}.Debug|Any CPU.ActiveCfg = Debug|Any CPU
		{0CD5A3BF-A625-45C7-B4B0-F24EE97DC981}.Debug|Any CPU.Build.0 = Debug|Any CPU
		{0CD5A3BF-A625-45C7-B4B0-F24EE97DC981}.Release|Any CPU.ActiveCfg = Release|Any CPU
		{0CD5A3BF-A625-45C7-B4B0-F24EE97DC981}.Release|Any CPU.Build.0 = Release|Any CPU
		{8555E742-812F-4547-B528-F739881AB868}.Debug|Any CPU.ActiveCfg = Debug|Any CPU
		{8555E742-812F-4547-B528-F739881AB868}.Debug|Any CPU.Build.0 = Debug|Any CPU
		{8555E742-812F-4547-B528-F739881AB868}.Release|Any CPU.ActiveCfg = Release|Any CPU
		{8555E742-812F-4547-B528-F739881AB868}.Release|Any CPU.Build.0 = Release|Any CPU
		{80BD1032-6477-4AC7-9FC8-0B8D838185A5}.Debug|Any CPU.ActiveCfg = Debug|Any CPU
		{80BD1032-6477-4AC7-9FC8-0B8D838185A5}.Debug|Any CPU.Build.0 = Debug|Any CPU
		{80BD1032-6477-4AC7-9FC8-0B8D838185A5}.Release|Any CPU.ActiveCfg = Release|Any CPU
		{80BD1032-6477-4AC7-9FC8-0B8D838185A5}.Release|Any CPU.Build.0 = Release|Any CPU
	EndGlobalSection
	GlobalSection(SolutionProperties) = preSolution
		HideSolutionNode = FALSE
	EndGlobalSection
	GlobalSection(ExtensibilityGlobals) = postSolution
		SolutionGuid = {A34059A2-BA1F-4249-9108-F98BD63026DA}
	EndGlobalSection
EndGlobal
